Microsoft Visual Studio Solution File, Format Version 12.00
# Visual Studio Version 17
VisualStudioVersion = 17.5.2.0
MinimumVisualStudioVersion = 10.0.40219.1
Project("{FAE04EC0-301F-11D3-BF4B-00C04F79EFBC}") = "prj009_obj", "prj009_obj.csproj", "{6779DDD1-DCD9-6B99-8320-B7BBBB7478E3}"
EndProject
Global
	GlobalSection(SolutionConfigurationPlatforms) = preSolution
		Debug|Any CPU = Debug|Any CPU
		Release|Any CPU = Release|Any CPU
	EndGlobalSection
	GlobalSection(ProjectConfigurationPlatforms) = postSolution
		{6779DDD1-DCD9-6B99-8320-B7BBBB7478E3}.Debug|Any CPU.ActiveCfg = Debug|Any CPU
		{6779DDD1-DCD9-6B99-8320-B7BBBB7478E3}.Debug|Any CPU.Build.0 = Debug|Any CPU
		{6779DDD1-DCD9-6B99-8320-B7BBBB7478E3}.Release|Any CPU.ActiveCfg = Release|Any CPU
		{6779DDD1-DCD9-6B99-8320-B7BBBB7478E3}.Release|Any CPU.Build.0 = Release|Any CPU
	EndGlobalSection
	GlobalSection(SolutionProperties) = preSolution
		HideSolutionNode = FALSE
	EndGlobalSection
	GlobalSection(ExtensibilityGlobals) = postSolution
		SolutionGuid = {E33A663F-B5AE-4263-A49D-713C5BD41C2B}
	EndGlobalSection
EndGlobal
