Microsoft Visual Studio Solution File, Format Version 12.00
# Visual Studio Version 17
VisualStudioVersion = 17.5.2.0
MinimumVisualStudioVersion = 10.0.40219.1
Project("{FAE04EC0-301F-11D3-BF4B-00C04F79EFBC}") = "is_isogram", "is_isogram.csproj", "{F77A7D39-8A11-6848-BD99-F42FC03060C3}"
EndProject
Global
	GlobalSection(SolutionConfigurationPlatforms) = preSolution
		Debug|Any CPU = Debug|Any CPU
		Release|Any CPU = Release|Any CPU
	EndGlobalSection
	GlobalSection(ProjectConfigurationPlatforms) = postSolution
		{F77A7D39-8A11-6848-BD99-F42FC03060C3}.Debug|Any CPU.ActiveCfg = Debug|Any CPU
		{F77A7D39-8A11-6848-BD99-F42FC03060C3}.Debug|Any CPU.Build.0 = Debug|Any CPU
		{F77A7D39-8A11-6848-BD99-F42FC03060C3}.Release|Any CPU.ActiveCfg = Release|Any CPU
		{F77A7D39-8A11-6848-BD99-F42FC03060C3}.Release|Any CPU.Build.0 = Release|Any CPU
	EndGlobalSection
	GlobalSection(SolutionProperties) = preSolution
		HideSolutionNode = FALSE
	EndGlobalSection
	GlobalSection(ExtensibilityGlobals) = postSolution
		SolutionGuid = {7D7E3B10-43C5-420F-9882-6FF58E87FF40}
	EndGlobalSection
EndGlobal
