Microsoft Visual Studio Solution File, Format Version 12.00
# Visual Studio Version 17
VisualStudioVersion = 17.5.2.0
MinimumVisualStudioVersion = 10.0.40219.1
Project("{FAE04EC0-301F-11D3-BF4B-00C04F79EFBC}") = "square_sum", "square_sum.csproj", "{1E47EDF1-B88E-77DF-AEAA-7556987BF6C0}"
EndProject
Global
	GlobalSection(SolutionConfigurationPlatforms) = preSolution
		Debug|Any CPU = Debug|Any CPU
		Release|Any CPU = Release|Any CPU
	EndGlobalSection
	GlobalSection(ProjectConfigurationPlatforms) = postSolution
		{1E47EDF1-B88E-77DF-AEAA-7556987BF6C0}.Debug|Any CPU.ActiveCfg = Debug|Any CPU
		{1E47EDF1-B88E-77DF-AEAA-7556987BF6C0}.Debug|Any CPU.Build.0 = Debug|Any CPU
		{1E47EDF1-B88E-77DF-AEAA-7556987BF6C0}.Release|Any CPU.ActiveCfg = Release|Any CPU
		{1E47EDF1-B88E-77DF-AEAA-7556987BF6C0}.Release|Any CPU.Build.0 = Release|Any CPU
	EndGlobalSection
	GlobalSection(SolutionProperties) = preSolution
		HideSolutionNode = FALSE
	EndGlobalSection
	GlobalSection(ExtensibilityGlobals) = postSolution
		SolutionGuid = {10D42F4D-D8BE-4FDD-8220-966FFC97A91C}
	EndGlobalSection
EndGlobal
