Microsoft Visual Studio Solution File, Format Version 12.00
# Visual Studio Version 17
VisualStudioVersion = 17.5.2.0
MinimumVisualStudioVersion = 10.0.40219.1
Project("{FAE04EC0-301F-11D3-BF4B-00C04F79EFBC}") = "prj005", "prj005.csproj", "{653248BD-3FA9-E510-47C2-EBCC7A8321E7}"
EndProject
Global
	GlobalSection(SolutionConfigurationPlatforms) = preSolution
		Debug|Any CPU = Debug|Any CPU
		Release|Any CPU = Release|Any CPU
	EndGlobalSection
	GlobalSection(ProjectConfigurationPlatforms) = postSolution
		{653248BD-3FA9-E510-47C2-EBCC7A8321E7}.Debug|Any CPU.ActiveCfg = Debug|Any CPU
		{653248BD-3FA9-E510-47C2-EBCC7A8321E7}.Debug|Any CPU.Build.0 = Debug|Any CPU
		{653248BD-3FA9-E510-47C2-EBCC7A8321E7}.Release|Any CPU.ActiveCfg = Release|Any CPU
		{653248BD-3FA9-E510-47C2-EBCC7A8321E7}.Release|Any CPU.Build.0 = Release|Any CPU
	EndGlobalSection
	GlobalSection(SolutionProperties) = preSolution
		HideSolutionNode = FALSE
	EndGlobalSection
	GlobalSection(ExtensibilityGlobals) = postSolution
		SolutionGuid = {38BEC37E-E9E6-4BB5-A4D3-9E460027F9C6}
	EndGlobalSection
EndGlobal
