Microsoft Visual Studio Solution File, Format Version 12.00
# Visual Studio Version 17
VisualStudioVersion = 17.5.2.0
MinimumVisualStudioVersion = 10.0.40219.1
Project("{FAE04EC0-301F-11D3-BF4B-00C04F79EFBC}") = "double_char", "double_char.csproj", "{BDC7C431-3526-6A5D-AD61-C6BFB74E34B0}"
EndProject
Global
	GlobalSection(SolutionConfigurationPlatforms) = preSolution
		Debug|Any CPU = Debug|Any CPU
		Release|Any CPU = Release|Any CPU
	EndGlobalSection
	GlobalSection(ProjectConfigurationPlatforms) = postSolution
		{BDC7C431-3526-6A5D-AD61-C6BFB74E34B0}.Debug|Any CPU.ActiveCfg = Debug|Any CPU
		{BDC7C431-3526-6A5D-AD61-C6BFB74E34B0}.Debug|Any CPU.Build.0 = Debug|Any CPU
		{BDC7C431-3526-6A5D-AD61-C6BFB74E34B0}.Release|Any CPU.ActiveCfg = Release|Any CPU
		{BDC7C431-3526-6A5D-AD61-C6BFB74E34B0}.Release|Any CPU.Build.0 = Release|Any CPU
	EndGlobalSection
	GlobalSection(SolutionProperties) = preSolution
		HideSolutionNode = FALSE
	EndGlobalSection
	GlobalSection(ExtensibilityGlobals) = postSolution
		SolutionGuid = {B6CA5894-9FE5-4ABD-9C9B-E4EFE2CB23DF}
	EndGlobalSection
EndGlobal
