Microsoft Visual Studio Solution File, Format Version 12.00
# Visual Studio Version 17
VisualStudioVersion = 17.5.2.0
MinimumVisualStudioVersion = 10.0.40219.1
Project("{FAE04EC0-301F-11D3-BF4B-00C04F79EFBC}") = "prj003", "prj003.csproj", "{ECEEF0F3-2689-F356-B095-DA03D0F22ED3}"
EndProject
Global
	GlobalSection(SolutionConfigurationPlatforms) = preSolution
		Debug|Any CPU = Debug|Any CPU
		Release|Any CPU = Release|Any CPU
	EndGlobalSection
	GlobalSection(ProjectConfigurationPlatforms) = postSolution
		{ECEEF0F3-2689-F356-B095-DA03D0F22ED3}.Debug|Any CPU.ActiveCfg = Debug|Any CPU
		{ECEEF0F3-2689-F356-B095-DA03D0F22ED3}.Debug|Any CPU.Build.0 = Debug|Any CPU
		{ECEEF0F3-2689-F356-B095-DA03D0F22ED3}.Release|Any CPU.ActiveCfg = Release|Any CPU
		{ECEEF0F3-2689-F356-B095-DA03D0F22ED3}.Release|Any CPU.Build.0 = Release|Any CPU
	EndGlobalSection
	GlobalSection(SolutionProperties) = preSolution
		HideSolutionNode = FALSE
	EndGlobalSection
	GlobalSection(ExtensibilityGlobals) = postSolution
		SolutionGuid = {48F90B4E-F3A9-48E9-A7DB-B9283829FE17}
	EndGlobalSection
EndGlobal
